lockfileVersion: 5.3

specifiers:
  '@iconify/json': ^1.1.413
  '@quasar/extras': ^1.11.2
  '@vitejs/plugin-vue': ^1.9.3
  '@vue/compiler-sfc': ^3.2.20
  axios: ^0.21.4
  qs: ^6.10.1
  quasar: ^2.1.1
  sass: ^1.42.1
  unplugin-auto-import: ^0.4.12
  unplugin-icons: 0.12.13
  unplugin-vue-components: ^0.15.6
  vite: ^2.6.5
  vite-plugin-pages: 0.18.1
  vite-plugin-windicss: ^1.4.10
  vue: ^3.2.20
  vue-router: ^4.0.11
  vuex: ^4.0.2
  windicss: ^3.1.9

dependencies:
  '@quasar/extras': 1.11.2
  axios: 0.21.4
  qs: 6.10.1
  quasar: 2.1.1
  vue: 3.2.20
  vue-router: 4.0.11_vue@3.2.20
  vuex: 4.0.2_vue@3.2.20

devDependencies:
  '@iconify/json': 1.1.413
  '@vitejs/plugin-vue': 1.9.3_vite@2.6.5
  '@vue/compiler-sfc': 3.2.20
  sass: 1.42.1
  unplugin-auto-import: 0.4.12_vite@2.6.5
  unplugin-icons: 0.12.13_7eb66f080fbe23aeb40a75477d83445d
  unplugin-vue-components: 0.15.6_vite@2.6.5+vue@3.2.20
  vite: 2.6.5_sass@1.42.1
  vite-plugin-pages: 0.18.1_7eb66f080fbe23aeb40a75477d83445d
  vite-plugin-windicss: 1.4.10_vite@2.6.5
  windicss: 3.1.9

packages:

  /@antfu/install-pkg/0.1.0:
    resolution: {integrity: sha512-VaIJd3d1o7irZfK1U0nvBsHMyjkuyMP3HKYVV53z8DKyulkHKmjhhtccXO51WSPeeSHIeoJEoNOKavYpS7jkZw==}
    dependencies:
      execa: 5.1.1
      find-up: 5.0.0
    dev: true

  /@antfu/utils/0.3.0:
    resolution: {integrity: sha512-UU8TLr/EoXdg7OjMp0h9oDoIAVr+Z/oW9cpOxQQyrsz6Qzd2ms/1CdWx8fl2OQdFpxGmq5Vc4TwfLHId6nAZjA==}
    dependencies:
      '@types/throttle-debounce': 2.1.0
    dev: true

  /@babel/parser/7.15.8:
    resolution: {integrity: sha512-BRYa3wcQnjS/nqI8Ac94pYYpJfojHVvVXJ97+IDCImX4Jc8W8Xv1+47enbruk+q1etOpsQNwnfFcNGw+gtPGxA==}
    engines: {node: '>=6.0.0'}
    hasBin: true

  /@iconify/json-tools/1.0.10:
    resolution: {integrity: sha512-LFelJDOLZ6JHlmlAkgrvmcu4hpNPB91KYcr4f60D/exzU1eNOb4/KCVHIydGHIQFaOacIOD+Xy+B7P1z812cZg==}
    dev: true

  /@iconify/json/1.1.413:
    resolution: {integrity: sha512-WkodJR8vEto7KmHAMbWIM0Hvj+dFIunuESy30yLxKgFLaYWAhH7yl+56w0d/Yc1TpeL0DMcg4N9JCrknJzSQnQ==}
    dev: true

  /@iconify/types/1.0.10:
    resolution: {integrity: sha512-SN3z6einVeUckDQiE8p4POF7X4hk4/y2+a7a4ogJOCxX5XT6z1zXNN8dwS5O1vloXpc6mkHizRZm2qPnhK6NnQ==}
    dev: true

  /@iconify/utils/1.0.14:
    resolution: {integrity: sha512-r0ac6HAG0mFR7vjh+kfVPNqnVbxLTu7t9fp9lqCJQ+DV1GWYEkC7e5PNEpNTQB+GFldIL9Ar4mrm3eD8rml4Rw==}
    dependencies:
      '@iconify/types': 1.0.10
    dev: true

  /@nodelib/fs.scandir/2.1.5:
    resolution: {integrity: sha512-vq24Bq3ym5HEQm2NKCr3yXDwjc7vTsEThRDnkp2DK9p1uqLR+DHurm/NOTo0KG7HYHU7eppKZj3MyqYuMBf62g==}
    engines: {node: '>= 8'}
    dependencies:
      '@nodelib/fs.stat': 2.0.5
      run-parallel: 1.2.0
    dev: true

  /@nodelib/fs.stat/2.0.5:
    resolution: {integrity: sha512-RkhPPp2zrqDAQA/2jNhnztcPAlv64XdhIp7a7454A5ovI7Bukxgt7MX7udwAu3zg1DcpPU0rz3VV1SeaqvY4+A==}
    engines: {node: '>= 8'}
    dev: true

  /@nodelib/fs.walk/1.2.8:
    resolution: {integrity: sha512-oGB+UxlgWcgQkgwo8GcEGwemoTFt3FIO9ababBmaGwXIoBKZ+GTy0pP185beGg7Llih/NSHSV2XAs1lnznocSg==}
    engines: {node: '>= 8'}
    dependencies:
      '@nodelib/fs.scandir': 2.1.5
      fastq: 1.13.0
    dev: true

  /@quasar/extras/1.11.2:
    resolution: {integrity: sha512-KK8ss5JvkNPowCYo6sEnaaz4cyNBYinLiItEffAN4SglwkzpvfEoPvTtuW2vZxz9n4YT/MHu6pINrajwb0/RLw==}
    dev: false

  /@rollup/pluginutils/4.1.1:
    resolution: {integrity: sha512-clDjivHqWGXi7u+0d2r2sBi4Ie6VLEAzWMIkvJLnDmxoOhBYOTfzGbOQBA32THHm11/LiJbd01tJUpJsbshSWQ==}
    engines: {node: '>= 8.0.0'}
    dependencies:
      estree-walker: 2.0.2
      picomatch: 2.3.0
    dev: true

  /@types/throttle-debounce/2.1.0:
    resolution: {integrity: sha512-5eQEtSCoESnh2FsiLTxE121IiE60hnMqcb435fShf4bpLRjEu1Eoekht23y6zXS9Ts3l+Szu3TARnTsA0GkOkQ==}
    dev: true

  /@vitejs/plugin-vue/1.9.3_vite@2.6.5:
    resolution: {integrity: sha512-yW6H/q+4Mc2PcVjSOelcsMrg/k15DnMUz8jyCFsI04emc3aLwo4AoofUfGnjHUkgirrDxSJLVqQVGhonQ3yykA==}
    engines: {node: '>=12.0.0'}
    peerDependencies:
      vite: ^2.5.10
    dependencies:
      vite: 2.6.5_sass@1.42.1
    dev: true

  /@vue/compiler-core/3.2.20:
    resolution: {integrity: sha512-vcEXlKXoPwBXFP5aUTHN9GTZaDfwCofa9Yu9bbW2C5O/QSa9Esdt7OG4+0RRd3EHEMxUvEdj4RZrd/KpQeiJbA==}
    dependencies:
      '@babel/parser': 7.15.8
      '@vue/shared': 3.2.20
      estree-walker: 2.0.2
      source-map: 0.6.1

  /@vue/compiler-dom/3.2.20:
    resolution: {integrity: sha512-QnI77ec/JtV7R0YBbcVayYTDCRcI9OCbxiUQK6izVyqQO0658n0zQuoNwe+bYgtqnvGAIqTR3FShTd5y4oOjdg==}
    dependencies:
      '@vue/compiler-core': 3.2.20
      '@vue/shared': 3.2.20

  /@vue/compiler-sfc/3.2.20:
    resolution: {integrity: sha512-03aZo+6tQKiFLfunHKSPZvdK4Jsn/ftRCyaro8AQIWkuxJbvSosbKK6HTTn+D2c3nPScG155akJoxKENw7rftQ==}
    dependencies:
      '@babel/parser': 7.15.8
      '@vue/compiler-core': 3.2.20
      '@vue/compiler-dom': 3.2.20
      '@vue/compiler-ssr': 3.2.20
      '@vue/ref-transform': 3.2.20
      '@vue/shared': 3.2.20
      estree-walker: 2.0.2
      magic-string: 0.25.7
      postcss: 8.3.9
      source-map: 0.6.1

  /@vue/compiler-ssr/3.2.20:
    resolution: {integrity: sha512-rzzVVYivm+EjbfiGQvNeyiYZWzr6Hkej97RZLZvcumacQlnKv9176Xo9rRyeWwFbBlxmtNdrVMslRXtipMXk2w==}
    dependencies:
      '@vue/compiler-dom': 3.2.20
      '@vue/shared': 3.2.20

  /@vue/devtools-api/6.0.0-beta.19:
    resolution: {integrity: sha512-ObzQhgkoVeoyKv+e8+tB/jQBL2smtk/NmC9OmFK8UqdDpoOdv/Kf9pyDWL+IFyM7qLD2C75rszJujvGSPSpGlw==}
    dev: false

  /@vue/reactivity/3.2.20:
    resolution: {integrity: sha512-nSmoLojUTk+H8HNTAkrUduB4+yIUBK2HPihJo2uXVSH4Spry6oqN6lFzE5zpLK+F27Sja+UqR9R1+/kIOsHV5w==}
    dependencies:
      '@vue/shared': 3.2.20
    dev: false

  /@vue/ref-transform/3.2.20:
    resolution: {integrity: sha512-Y42d3PGlYZ1lXcF3dbd3+qU/C/a3wYEZ949fyOI5ptzkjDWlkfU6vn74fmOjsLjEcjs10BXK2qO99FqQIK2r1Q==}
    dependencies:
      '@babel/parser': 7.15.8
      '@vue/compiler-core': 3.2.20
      '@vue/shared': 3.2.20
      estree-walker: 2.0.2
      magic-string: 0.25.7

  /@vue/runtime-core/3.2.20:
    resolution: {integrity: sha512-d1xfUGhZPfiZzAN7SatStD4vRtT8deJSXib2+Cz3x0brjMWKxe32asQc154FF1E2fFgMCHtnfd4A90bQEzV4GQ==}
    dependencies:
      '@vue/reactivity': 3.2.20
      '@vue/shared': 3.2.20
    dev: false

  /@vue/runtime-dom/3.2.20:
    resolution: {integrity: sha512-4TCvZMLhESWCFHFYgqN4QmMA/onnINAlUovhopjlS8ST27G1A8Z0tyxPzLoXLa+b5JrOpbMPheEMPvdKExTJig==}
    dependencies:
      '@vue/runtime-core': 3.2.20
      '@vue/shared': 3.2.20
      csstype: 2.6.18
    dev: false

  /@vue/server-renderer/3.2.20_vue@3.2.20:
    resolution: {integrity: sha512-viIbZGep9XabnrRcaxWIi00cOh1x21QYm2upIL5W0zqzTJ54VdTzpI+zi1osNp+VfRQDTHpV2U7H3Kn4ljYJvg==}
    peerDependencies:
      vue: 3.2.20
    dependencies:
      '@vue/compiler-ssr': 3.2.20
      '@vue/shared': 3.2.20
      vue: 3.2.20
    dev: false

  /@vue/shared/3.2.20:
    resolution: {integrity: sha512-FbpX+hD5BvXCQerEYO7jtAGHlhAkhTQ4KIV73kmLWNlawWhTiVuQxizgVb0BOkX5oG9cIRZ42EG++d/k/Efp0w==}

  /@windicss/config/1.4.10:
    resolution: {integrity: sha512-mKybK7j6mW4B9b1+r5PgNMbCMaSxLlChaCrhlumBxQmdd2R2psnG6QZyVOvFjnVx8tlEtOzaMZkUtTzPfEs7Cg==}
    dependencies:
      debug: 4.3.2
      jiti: 1.12.6
      windicss: 3.1.9
    transitivePeerDependencies:
      - supports-color
    dev: true

  /@windicss/plugin-utils/1.4.10:
    resolution: {integrity: sha512-GzdyNfE0JaxkcST1zl8EKA20Sw5v8bfsr0HGBqxNtfn23ihl4sKdFksjkX+KXr5cva4qCLfEkObymVEl7CT2WQ==}
    dependencies:
      '@antfu/utils': 0.3.0
      '@windicss/config': 1.4.10
      debug: 4.3.2
      fast-glob: 3.2.7
      magic-string: 0.25.7
      micromatch: 4.0.4
      windicss: 3.1.9
    transitivePeerDependencies:
      - supports-color
    dev: true

  /ansi-styles/4.3.0:
    resolution: {integrity: sha512-zbB9rCJAT1rbjiVDb2hqKFHNYLxgtk8NURxZ3IZwD3F6NtxbXZQCnnSi1Lkx+IDohdPlFp222wVALIheZJQSEg==}
    engines: {node: '>=8'}
    dependencies:
      color-convert: 2.0.1
    dev: true

  /anymatch/3.1.2:
    resolution: {integrity: sha512-P43ePfOAIupkguHUycrc4qJ9kz8ZiuOUijaETwX7THt0Y/GNK7v0aa8rY816xWjZ7rJdA5XdMcpVFTKMq+RvWg==}
    engines: {node: '>= 8'}
    dependencies:
      normalize-path: 3.0.0
      picomatch: 2.3.0
    dev: true

  /available-typed-arrays/1.0.5:
    resolution: {integrity: sha512-DMD0KiN46eipeziST1LPP/STfDU0sufISXmjSgvVsoU2tqxctQeASejWcfNtxYKqETM1UxQ8sp2OrSBWpHY6sw==}
    engines: {node: '>= 0.4'}
    dev: true

  /axios/0.21.4:
    resolution: {integrity: sha512-ut5vewkiu8jjGBdqpM44XxjuCjq9LAKeHVmoVfHVzy8eHgxxq8SbAVQNovDA8mVi05kP0Ea/n/UzcSHcTJQfNg==}
    dependencies:
      follow-redirects: 1.14.4
    transitivePeerDependencies:
      - debug
    dev: false

  /balanced-match/1.0.2:
    resolution: {integrity: sha512-3oSeUO0TMV67hN1AmbXsK4yaqU7tjiHlbxRDZOpH0KW9+CeX4bRAaX0Anxt0tx2MrpRpWwQaPwIlISEJhYU5Pw==}
    dev: true

  /binary-extensions/2.2.0:
    resolution: {integrity: sha512-jDctJ/IVQbZoJykoeHbhXpOlNBqGNcwXJKJog42E5HDPUwQTSdjCHdihjj0DlnheQ7blbT6dHOafNAiS8ooQKA==}
    engines: {node: '>=8'}
    dev: true

  /brace-expansion/1.1.11:
    resolution: {integrity: sha512-iCuPHDFgrHX7H2vEI/5xpz07zSHB00TpugqhmYtVmMO6518mCuRMoOYFldEBl0g187ufozdaHgWKcYFb61qGiA==}
    dependencies:
      balanced-match: 1.0.2
      concat-map: 0.0.1
    dev: true

  /braces/3.0.2:
    resolution: {integrity: sha512-b8um+L1RzM3WDSzvhm6gIz1yfTbBt6YTlcEKAvsmqCZZFw46z626lVj9j1yEPW33H5H+lBQpZMP1k8l+78Ha0A==}
    engines: {node: '>=8'}
    dependencies:
      fill-range: 7.0.1
    dev: true

  /builtins/4.0.0:
    resolution: {integrity: sha512-qC0E2Dxgou1IHhvJSLwGDSTvokbRovU5zZFuDY6oY8Y2lF3nGt5Ad8YZK7GMtqzY84Wu7pXTPeHQeHcXSXsRhw==}
    dependencies:
      semver: 7.3.5
    dev: true

  /call-bind/1.0.2:
    resolution: {integrity: sha512-7O+FbCihrB5WGbFYesctwmTKae6rOiIzmz1icreWJ+0aA7LJfuqhEso2T9ncpcFtzMQtzXf2QGGueWJGTYsqrA==}
    dependencies:
      function-bind: 1.1.1
      get-intrinsic: 1.1.1

  /chalk/4.1.2:
    resolution: {integrity: sha512-oKnbhFyRIXpUuez8iBMmyEa4nbj4IOQyuhc/wy9kY7/WVPcwIO9VA668Pu8RkO7+0G76SLROeyw9CpQ061i4mA==}
    engines: {node: '>=10'}
    dependencies:
      ansi-styles: 4.3.0
      supports-color: 7.2.0
    dev: true

  /chokidar/3.5.2:
    resolution: {integrity: sha512-ekGhOnNVPgT77r4K/U3GDhu+FQ2S8TnK/s2KbIGXi0SZWuwkZ2QNyfWdZW+TVfn84DpEP7rLeCt2UI6bJ8GwbQ==}
    engines: {node: '>= 8.10.0'}
    dependencies:
      anymatch: 3.1.2
      braces: 3.0.2
      glob-parent: 5.1.2
      is-binary-path: 2.1.0
      is-glob: 4.0.3
      normalize-path: 3.0.0
      readdirp: 3.6.0
    optionalDependencies:
      fsevents: 2.3.2
    dev: true

  /color-convert/2.0.1:
    resolution: {integrity: sha512-RRECPsj7iu/xb5oKYcsFHSppFNnsj/52OVTRKb4zP5onXwVF3zVmmToNcOfGC+CRDpfK/U584fMg38ZHCaElKQ==}
    engines: {node: '>=7.0.0'}
    dependencies:
      color-name: 1.1.4
    dev: true

  /color-name/1.1.4:
    resolution: {integrity: sha512-dOy+3AuW3a2wNbZHIuMZpTcgjGuLU/uBL/ubcZF9OXbDo8ff4O8yVp5Bf0efS8uEoYo5q4Fx7dY9OgQGXgAsQA==}
    dev: true

  /concat-map/0.0.1:
    resolution: {integrity: sha1-2Klr13/Wjfd5OnMDajug1UBdR3s=}
    dev: true

  /cross-spawn/7.0.3:
    resolution: {integrity: sha512-iRDPJKUPVEND7dHPO8rkbOnPpyDygcDFtWjpeWNCgy8WP2rXcxXL8TskReQl6OrB2G7+UJrags1q15Fudc7G6w==}
    engines: {node: '>= 8'}
    dependencies:
      path-key: 3.1.1
      shebang-command: 2.0.0
      which: 2.0.2
    dev: true

  /csstype/2.6.18:
    resolution: {integrity: sha512-RSU6Hyeg14am3Ah4VZEmeX8H7kLwEEirXe6aU2IPfKNvhXwTflK5HQRDNI0ypQXoqmm+QPyG2IaPuQE5zMwSIQ==}
    dev: false

  /debug/4.3.2:
    resolution: {integrity: sha512-mOp8wKcvj7XxC78zLgw/ZA+6TSgkoE2C/ienthhRD298T7UNwAg9diBpLRxC0mOezLl4B0xV7M0cCO6P/O0Xhw==}
    engines: {node: '>=6.0'}
    peerDependencies:
      supports-color: '*'
    peerDependenciesMeta:
      supports-color:
        optional: true
    dependencies:
      ms: 2.1.2
    dev: true

  /deep-equal/2.0.5:
    resolution: {integrity: sha512-nPiRgmbAtm1a3JsnLCf6/SLfXcjyN5v8L1TXzdCmHrXJ4hx+gW/w1YCcn7z8gJtSiDArZCgYtbao3QqLm/N1Sw==}
    dependencies:
      call-bind: 1.0.2
      es-get-iterator: 1.1.2
      get-intrinsic: 1.1.1
      is-arguments: 1.1.1
      is-date-object: 1.0.5
      is-regex: 1.1.4
      isarray: 2.0.5
      object-is: 1.1.5
      object-keys: 1.1.1
      object.assign: 4.1.2
      regexp.prototype.flags: 1.3.1
      side-channel: 1.0.4
      which-boxed-primitive: 1.0.2
      which-collection: 1.0.1
      which-typed-array: 1.1.7
    dev: true

  /define-properties/1.1.3:
    resolution: {integrity: sha512-3MqfYKj2lLzdMSf8ZIZE/V+Zuy+BgD6f164e8K2w7dgnpKArBDerGYpM46IYYcjnkdPNMjPk9A6VFB8+3SKlXQ==}
    engines: {node: '>= 0.4'}
    dependencies:
      object-keys: 1.1.1
    dev: true

  /es-abstract/1.19.1:
    resolution: {integrity: sha512-2vJ6tjA/UfqLm2MPs7jxVybLoB8i1t1Jd9R3kISld20sIxPcTbLuggQOUxeWeAvIUkduv/CfMjuh4WmiXr2v9w==}
    engines: {node: '>= 0.4'}
    dependencies:
      call-bind: 1.0.2
      es-to-primitive: 1.2.1
      function-bind: 1.1.1
      get-intrinsic: 1.1.1
      get-symbol-description: 1.0.0
      has: 1.0.3
      has-symbols: 1.0.2
      internal-slot: 1.0.3
      is-callable: 1.2.4
      is-negative-zero: 2.0.1
      is-regex: 1.1.4
      is-shared-array-buffer: 1.0.1
      is-string: 1.0.7
      is-weakref: 1.0.1
      object-inspect: 1.11.0
      object-keys: 1.1.1
      object.assign: 4.1.2
      string.prototype.trimend: 1.0.4
      string.prototype.trimstart: 1.0.4
      unbox-primitive: 1.0.1
    dev: true

  /es-get-iterator/1.1.2:
    resolution: {integrity: sha512-+DTO8GYwbMCwbywjimwZMHp8AuYXOS2JZFWoi2AlPOS3ebnII9w/NLpNZtA7A0YLaVDw+O7KFCeoIV7OPvM7hQ==}
    dependencies:
      call-bind: 1.0.2
      get-intrinsic: 1.1.1
      has-symbols: 1.0.2
      is-arguments: 1.1.1
      is-map: 2.0.2
      is-set: 2.0.2
      is-string: 1.0.7
      isarray: 2.0.5
    dev: true

  /es-to-primitive/1.2.1:
    resolution: {integrity: sha512-QCOllgZJtaUo9miYBcLChTUaHNjJF3PYs1VidD7AwiEj1kYxKeQTctLAezAOH5ZKRH0g2IgPn6KwB4IT8iRpvA==}
    engines: {node: '>= 0.4'}
    dependencies:
      is-callable: 1.2.4
      is-date-object: 1.0.5
      is-symbol: 1.0.4
    dev: true

  /esbuild-android-arm64/0.13.4:
    resolution: {integrity: sha512-elDJt+jNyoHFId0/dKsuVYUPke3EcquIyUwzJCH17a3ERglN3A9aMBI5zbz+xNZ+FbaDNdpn0RaJHCFLbZX+fA==}
    cpu: [arm64]
    os: [android]
    requiresBuild: true
    dev: true
    optional: true

  /esbuild-darwin-64/0.13.4:
    resolution: {integrity: sha512-zJQGyHRAdZUXlRzbN7W+7ykmEiGC+bq3Gc4GxKYjjWTgDRSEly98ym+vRNkDjXwXYD3gGzSwvH35+MiHAtWvLA==}
    cpu: [x64]
    os: [darwin]
    requiresBuild: true
    dev: true
    optional: true

  /esbuild-darwin-arm64/0.13.4:
    resolution: {integrity: sha512-r8oYvAtqSGq8HNTZCAx4TdLE7jZiGhX9ooGi5AQAey37MA6XNaP8ZNlw9OCpcgpx3ryU2WctXwIqPzkHO7a8dg==}
    cpu: [arm64]
    os: [darwin]
    requiresBuild: true
    dev: true
    optional: true

  /esbuild-freebsd-64/0.13.4:
    resolution: {integrity: sha512-u9DRGkn09EN8+lCh6z7FKle7awi17PJRBuAKdRNgSo5ZrH/3m+mYaJK2PR2URHMpAfXiwJX341z231tSdVe3Yw==}
    cpu: [x64]
    os: [freebsd]
    requiresBuild: true
    dev: true
    optional: true

  /esbuild-freebsd-arm64/0.13.4:
    resolution: {integrity: sha512-q3B2k68Uf6gfjATjcK16DqxvjqRQkHL8aPoOfj4op+lSqegdXvBacB1d8jw8PxbWJ8JHpdTLdAVUYU80kotQXA==}
    cpu: [arm64]
    os: [freebsd]
    requiresBuild: true
    dev: true
    optional: true

  /esbuild-linux-32/0.13.4:
    resolution: {integrity: sha512-UUYJPHSiKAO8KoN3Ls/iZtgDLZvK5HarES96aolDPWZnq9FLx4dIHM/x2z4Rxv9IYqQ/DxlPoE2Co1UPBIYYeA==}
    cpu: [ia32]
    os: [linux]
    requiresBuild: true
    dev: true
    optional: true

  /esbuild-linux-64/0.13.4:
    resolution: {integrity: sha512-+RnohAKiiUW4UHLGRkNR1AnENW1gCuDWuygEtd4jxTNPIoeC7lbXGor7rtgjj9AdUzFgOEvAXyNNX01kJ8NueQ==}
    cpu: [x64]
    os: [linux]
    requiresBuild: true
    dev: true
    optional: true

  /esbuild-linux-arm/0.13.4:
    resolution: {integrity: sha512-BH5gKve4jglS7UPSsfwHSX79I5agC/lm4eKoRUEyo8lwQs89frQSRp2Xup+6SFQnxt3md5EsKcd2Dbkqeb3gPA==}
    cpu: [arm]
    os: [linux]
    requiresBuild: true
    dev: true
    optional: true

  /esbuild-linux-arm64/0.13.4:
    resolution: {integrity: sha512-+A188cAdd6QuSRxMIwRrWLjgphQA0LDAQ/ECVlrPVJwnx+1i64NjDZivoqPYLOTkSPIKntiWwMhhf0U5/RrPHQ==}
    cpu: [arm64]
    os: [linux]
    requiresBuild: true
    dev: true
    optional: true

  /esbuild-linux-mips64le/0.13.4:
    resolution: {integrity: sha512-0xkwtPaUkG5xMTFGaQPe1AadSe5QAiQuD4Gix1O9k5Xo/U8xGIkw9UFUTvfEUeu71vFb6ZgsIacfP1NLoFjWNw==}
    cpu: [mips64el]
    os: [linux]
    requiresBuild: true
    dev: true
    optional: true

  /esbuild-linux-ppc64le/0.13.4:
    resolution: {integrity: sha512-E1+oJPP7A+j23GPo3CEpBhGwG1bni4B8IbTA3/3rvzjURwUMZdcN3Fhrz24rnjzdLSHmULtOE4VsbT42h1Om4Q==}
    cpu: [ppc64]
    os: [linux]
    requiresBuild: true
    dev: true
    optional: true

  /esbuild-openbsd-64/0.13.4:
    resolution: {integrity: sha512-xEkI1o5HYxDzbv9jSox0EsDxpwraG09SRiKKv0W8pH6O3bt+zPSlnoK7+I7Q69tkvONkpIq5n2o+c55uq0X7cw==}
    cpu: [x64]
    os: [openbsd]
    requiresBuild: true
    dev: true
    optional: true

  /esbuild-sunos-64/0.13.4:
    resolution: {integrity: sha512-bjXUMcODMnB6hQicLBBmmnBl7OMDyVpFahKvHGXJfDChIi5udiIRKCmFUFIRn+AUAKVlfrofRKdyPC7kBsbvGQ==}
    cpu: [x64]
    os: [sunos]
    requiresBuild: true
    dev: true
    optional: true

  /esbuild-windows-32/0.13.4:
    resolution: {integrity: sha512-z4CH07pfyVY0XF98TCsGmLxKCl0kyvshKDbdpTekW9f2d+dJqn5mmoUyWhpSVJ0SfYWJg86FoD9nMbbaMVyGdg==}
    cpu: [ia32]
    os: [win32]
    requiresBuild: true
    dev: true
    optional: true

  /esbuild-windows-64/0.13.4:
    resolution: {integrity: sha512-uVL11vORRPjocGLYam67rwFLd0LvkrHEs+JG+1oJN4UD9MQmNGZPa4gBHo6hDpF+kqRJ9kXgQSeDqUyRy0tj/Q==}
    cpu: [x64]
    os: [win32]
    requiresBuild: true
    dev: true
    optional: true

  /esbuild-windows-arm64/0.13.4:
    resolution: {integrity: sha512-vA6GLvptgftRcDcWngD5cMlL4f4LbL8JjU2UMT9yJ0MT5ra6hdZNFWnOeOoEtY4GtJ6OjZ0i+81sTqhAB0fMkg==}
    cpu: [arm64]
    os: [win32]
    requiresBuild: true
    dev: true
    optional: true

  /esbuild/0.13.4:
    resolution: {integrity: sha512-wMA5eUwpavTBiNl+It6j8OQuKVh69l6z4DKDLzoTIqC+gChnPpcmqdA8WNHptUHRnfyML+mKEQPlW7Mybj8gHg==}
    hasBin: true
    requiresBuild: true
    optionalDependencies:
      esbuild-android-arm64: 0.13.4
      esbuild-darwin-64: 0.13.4
      esbuild-darwin-arm64: 0.13.4
      esbuild-freebsd-64: 0.13.4
      esbuild-freebsd-arm64: 0.13.4
      esbuild-linux-32: 0.13.4
      esbuild-linux-64: 0.13.4
      esbuild-linux-arm: 0.13.4
      esbuild-linux-arm64: 0.13.4
      esbuild-linux-mips64le: 0.13.4
      esbuild-linux-ppc64le: 0.13.4
      esbuild-openbsd-64: 0.13.4
      esbuild-sunos-64: 0.13.4
      esbuild-windows-32: 0.13.4
      esbuild-windows-64: 0.13.4
      esbuild-windows-arm64: 0.13.4
    dev: true

  /estree-walker/2.0.2:
    resolution: {integrity: sha512-Rfkk/Mp/DL7JVje3u18FxFujQlTNR2q6QfMSMB7AvCBx91NGj/ba3kCfza0f6dVDbw7YlRf/nDrn7pQrCCyQ/w==}

  /execa/5.1.1:
    resolution: {integrity: sha512-8uSpZZocAZRBAPIEINJj3Lo9HyGitllczc27Eh5YYojjMFMn8yHMDMaUHE2Jqfq05D/wucwI4JGURyXt1vchyg==}
    engines: {node: '>=10'}
    dependencies:
      cross-spawn: 7.0.3
      get-stream: 6.0.1
      human-signals: 2.1.0
      is-stream: 2.0.1
      merge-stream: 2.0.0
      npm-run-path: 4.0.1
      onetime: 5.1.2
      signal-exit: 3.0.5
      strip-final-newline: 2.0.0
    dev: true

  /fast-glob/3.2.7:
    resolution: {integrity: sha512-rYGMRwip6lUMvYD3BTScMwT1HtAs2d71SMv66Vrxs0IekGZEjhM0pcMfjQPnknBt2zeCwQMEupiN02ZP4DiT1Q==}
    engines: {node: '>=8'}
    dependencies:
      '@nodelib/fs.stat': 2.0.5
      '@nodelib/fs.walk': 1.2.8
      glob-parent: 5.1.2
      merge2: 1.4.1
      micromatch: 4.0.4
    dev: true

  /fastq/1.13.0:
    resolution: {integrity: sha512-YpkpUnK8od0o1hmeSc7UUs/eB/vIPWJYjKck2QKIzAf71Vm1AAQ3EbuZB3g2JIy+pg+ERD0vqI79KyZiB2e2Nw==}
    dependencies:
      reusify: 1.0.4
    dev: true

  /fill-range/7.0.1:
    resolution: {integrity: sha512-qOo9F+dMUmC2Lcb4BbVvnKJxTPjCm+RRpe4gDuGrzkL7mEVl/djYSu2OdQ2Pa302N4oqkSg9ir6jaLWJ2USVpQ==}
    engines: {node: '>=8'}
    dependencies:
      to-regex-range: 5.0.1
    dev: true

  /find-up/5.0.0:
    resolution: {integrity: sha512-78/PXT1wlLLDgTzDs7sjq9hzz0vXD+zn+7wypEe4fXQxCmdmqfGsEPQxmiCSQI3ajFV91bVSsvNtrJRiW6nGng==}
    engines: {node: '>=10'}
    dependencies:
      locate-path: 6.0.0
      path-exists: 4.0.0
    dev: true

  /follow-redirects/1.14.4:
    resolution: {integrity: sha512-zwGkiSXC1MUJG/qmeIFH2HBJx9u0V46QGUe3YR1fXG8bXQxq7fLj0RjLZQ5nubr9qNJUZrH+xUcwXEoXNpfS+g==}
    engines: {node: '>=4.0'}
    peerDependencies:
      debug: '*'
    peerDependenciesMeta:
      debug:
        optional: true
    dev: false

  /foreach/2.0.5:
    resolution: {integrity: sha1-C+4AUBiusmDQo6865ljdATbsG5k=}
    dev: true

  /fsevents/2.3.2:
    resolution: {integrity: sha512-xiqMQR4xAeHTuB9uWm+fFRcIOgKBMiOBP+eXiyT7jsgVCq1bkVygt00oASowB7EdtpOHaaPgKt812P9ab+DDKA==}
    engines: {node: ^8.16.0 || ^10.6.0 || >=11.0.0}
    os: [darwin]
    requiresBuild: true
    dev: true
    optional: true

  /function-bind/1.1.1:
    resolution: {integrity: sha512-yIovAzMX49sF8Yl58fSCWJ5svSLuaibPxXQJFLmBObTuCr0Mf1KiPopGM9NiFjiYBCbfaa2Fh6breQ6ANVTI0A==}

  /get-intrinsic/1.1.1:
    resolution: {integrity: sha512-kWZrnVM42QCiEA2Ig1bG8zjoIMOgxWwYCEeNdwY6Tv/cOSeGpcoX4pXHfKUxNKVoArnrEr2e9srnAxxGIraS9Q==}
    dependencies:
      function-bind: 1.1.1
      has: 1.0.3
      has-symbols: 1.0.2

  /get-stream/6.0.1:
    resolution: {integrity: sha512-ts6Wi+2j3jQjqi70w5AlN8DFnkSwC+MqmxEzdEALB2qXZYV3X/b1CTfgPLGJNMeAWxdPfU8FO1ms3NUfaHCPYg==}
    engines: {node: '>=10'}
    dev: true

  /get-symbol-description/1.0.0:
    resolution: {integrity: sha512-2EmdH1YvIQiZpltCNgkuiUnyukzxM/R6NDJX31Ke3BG1Nq5b0S2PhX59UKi9vZpPDQVdqn+1IcaAwnzTT5vCjw==}
    engines: {node: '>= 0.4'}
    dependencies:
      call-bind: 1.0.2
      get-intrinsic: 1.1.1
    dev: true

  /glob-parent/5.1.2:
    resolution: {integrity: sha512-AOIgSQCepiJYwP3ARnGx+5VnTu2HBYdzbGP45eLw1vr3zB3vZLeyed1sC9hnbcOc9/SrMyM5RPQrkGz4aS9Zow==}
    engines: {node: '>= 6'}
    dependencies:
      is-glob: 4.0.3
    dev: true

  /has-bigints/1.0.1:
    resolution: {integrity: sha512-LSBS2LjbNBTf6287JEbEzvJgftkF5qFkmCo9hDRpAzKhUOlJ+hx8dd4USs00SgsUNwc4617J9ki5YtEClM2ffA==}
    dev: true

  /has-flag/4.0.0:
    resolution: {integrity: sha512-EykJT/Q1KjTWctppgIAgfSO0tKVuZUjhgMr17kqTumMl6Afv3EISleU7qZUzoXDFTAHTDC4NOoG/ZxU3EvlMPQ==}
    engines: {node: '>=8'}
    dev: true

  /has-symbols/1.0.2:
    resolution: {integrity: sha512-chXa79rL/UC2KlX17jo3vRGz0azaWEx5tGqZg5pO3NUyEJVB17dMruQlzCCOfUvElghKcm5194+BCRvi2Rv/Gw==}
    engines: {node: '>= 0.4'}

  /has-tostringtag/1.0.0:
    resolution: {integrity: sha512-kFjcSNhnlGV1kyoGk7OXKSawH5JOb/LzUc5w9B02hOTO0dfFRjbHQKvg1d6cf3HbeUmtU9VbbV3qzZ2Teh97WQ==}
    engines: {node: '>= 0.4'}
    dependencies:
      has-symbols: 1.0.2
    dev: true

  /has/1.0.3:
    resolution: {integrity: sha512-f2dvO0VU6Oej7RkWJGrehjbzMAjFp5/VKPp5tTpWIV4JHHZK1/BxbFRtf/siA2SWTe09caDmVtYYzWEIbBS4zw==}
    engines: {node: '>= 0.4.0'}
    dependencies:
      function-bind: 1.1.1

  /human-signals/2.1.0:
    resolution: {integrity: sha512-B4FFZ6q/T2jhhksgkbEW3HBvWIfDW85snkQgawt07S7J5QXTk6BkNV+0yAeZrM5QpMAdYlocGoljn0sJ/WQkFw==}
    engines: {node: '>=10.17.0'}
    dev: true

  /import-meta-resolve/1.1.1:
    resolution: {integrity: sha512-JiTuIvVyPaUg11eTrNDx5bgQ/yMKMZffc7YSjvQeSMXy58DO2SQ8BtAf3xteZvmzvjYh14wnqNjL8XVeDy2o9A==}
    dependencies:
      builtins: 4.0.0
    dev: true

  /internal-slot/1.0.3:
    resolution: {integrity: sha512-O0DB1JC/sPyZl7cIo78n5dR7eUSwwpYPiXRhTzNxZVAMUuB8vlnRFyLxdrVToks6XPLVnFfbzaVd5WLjhgg+vA==}
    engines: {node: '>= 0.4'}
    dependencies:
      get-intrinsic: 1.1.1
      has: 1.0.3
      side-channel: 1.0.4
    dev: true

  /is-arguments/1.1.1:
    resolution: {integrity: sha512-8Q7EARjzEnKpt/PCD7e1cgUS0a6X8u5tdSiMqXhojOdoV9TsMsiO+9VLC5vAmO8N7/GmXn7yjR8qnA6bVAEzfA==}
    engines: {node: '>= 0.4'}
    dependencies:
      call-bind: 1.0.2
      has-tostringtag: 1.0.0
    dev: true

  /is-bigint/1.0.4:
    resolution: {integrity: sha512-zB9CruMamjym81i2JZ3UMn54PKGsQzsJeo6xvN3HJJ4CAsQNB6iRutp2To77OfCNuoxspsIhzaPoO1zyCEhFOg==}
    dependencies:
      has-bigints: 1.0.1
    dev: true

  /is-binary-path/2.1.0:
    resolution: {integrity: sha512-ZMERYes6pDydyuGidse7OsHxtbI7WVeUEozgR/g7rd0xUimYNlvZRE/K2MgZTjWy725IfelLeVcEM97mmtRGXw==}
    engines: {node: '>=8'}
    dependencies:
      binary-extensions: 2.2.0
    dev: true

  /is-boolean-object/1.1.2:
    resolution: {integrity: sha512-gDYaKHJmnj4aWxyj6YHyXVpdQawtVLHU5cb+eztPGczf6cjuTdwve5ZIEfgXqH4e57An1D1AKf8CZ3kYrQRqYA==}
    engines: {node: '>= 0.4'}
    dependencies:
      call-bind: 1.0.2
      has-tostringtag: 1.0.0
    dev: true

  /is-callable/1.2.4:
    resolution: {integrity: sha512-nsuwtxZfMX67Oryl9LCQ+upnC0Z0BgpwntpS89m1H/TLF0zNfzfLMV/9Wa/6MZsj0acpEjAO0KF1xT6ZdLl95w==}
    engines: {node: '>= 0.4'}
    dev: true

  /is-core-module/2.7.0:
    resolution: {integrity: sha512-ByY+tjCciCr+9nLryBYcSD50EOGWt95c7tIsKTG1J2ixKKXPvF7Ej3AVd+UfDydAJom3biBGDBALaO79ktwgEQ==}
    dependencies:
      has: 1.0.3
    dev: true

  /is-date-object/1.0.5:
    resolution: {integrity: sha512-9YQaSxsAiSwcvS33MBk3wTCVnWK+HhF8VZR2jRxehM16QcVOdHqPn4VPHmRK4lSr38n9JriurInLcP90xsYNfQ==}
    engines: {node: '>= 0.4'}
    dependencies:
      has-tostringtag: 1.0.0
    dev: true

  /is-extglob/2.1.1:
    resolution: {integrity: sha1-qIwCU1eR8C7TfHahueqXc8gz+MI=}
    engines: {node: '>=0.10.0'}
    dev: true

  /is-glob/4.0.3:
    resolution: {integrity: sha512-xelSayHH36ZgE7ZWhli7pW34hNbNl8Ojv5KVmkJD4hBdD3th8Tfk9vYasLM+mXWOZhFkgZfxhLSnrwRr4elSSg==}
    engines: {node: '>=0.10.0'}
    dependencies:
      is-extglob: 2.1.1
    dev: true

  /is-map/2.0.2:
    resolution: {integrity: sha512-cOZFQQozTha1f4MxLFzlgKYPTyj26picdZTx82hbc/Xf4K/tZOOXSCkMvU4pKioRXGDLJRn0GM7Upe7kR721yg==}
    dev: true

  /is-negative-zero/2.0.1:
    resolution: {integrity: sha512-2z6JzQvZRa9A2Y7xC6dQQm4FSTSTNWjKIYYTt4246eMTJmIo0Q+ZyOsU66X8lxK1AbB92dFeglPLrhwpeRKO6w==}
    engines: {node: '>= 0.4'}
    dev: true

  /is-number-object/1.0.6:
    resolution: {integrity: sha512-bEVOqiRcvo3zO1+G2lVMy+gkkEm9Yh7cDMRusKKu5ZJKPUYSJwICTKZrNKHA2EbSP0Tu0+6B/emsYNHZyn6K8g==}
    engines: {node: '>= 0.4'}
    dependencies:
      has-tostringtag: 1.0.0
    dev: true

  /is-number/7.0.0:
    resolution: {integrity: sha512-41Cifkg6e8TylSpdtTpeLVMqvSBEVzTttHvERD741+pnZ8ANv0004MRL43QKPDlK9cGvNp6NZWZUBlbGXYxxng==}
    engines: {node: '>=0.12.0'}
    dev: true

  /is-regex/1.1.4:
    resolution: {integrity: sha512-kvRdxDsxZjhzUX07ZnLydzS1TU/TJlTUHHY4YLL87e37oUA49DfkLqgy+VjFocowy29cKvcSiu+kIv728jTTVg==}
    engines: {node: '>= 0.4'}
    dependencies:
      call-bind: 1.0.2
      has-tostringtag: 1.0.0
    dev: true

  /is-set/2.0.2:
    resolution: {integrity: sha512-+2cnTEZeY5z/iXGbLhPrOAaK/Mau5k5eXq9j14CpRTftq0pAJu2MwVRSZhyZWBzx3o6X795Lz6Bpb6R0GKf37g==}
    dev: true

  /is-shared-array-buffer/1.0.1:
    resolution: {integrity: sha512-IU0NmyknYZN0rChcKhRO1X8LYz5Isj/Fsqh8NJOSf+N/hCOTwy29F32Ik7a+QszE63IdvmwdTPDd6cZ5pg4cwA==}
    dev: true

  /is-stream/2.0.1:
    resolution: {integrity: sha512-hFoiJiTl63nn+kstHGBtewWSKnQLpyb155KHheA1l39uvtO9nWIop1p3udqPcUd/xbF1VLMO4n7OI6p7RbngDg==}
    engines: {node: '>=8'}
    dev: true

  /is-string/1.0.7:
    resolution: {integrity: sha512-tE2UXzivje6ofPW7l23cjDOMa09gb7xlAqG6jG5ej6uPV32TlWP3NKPigtaGeHNu9fohccRYvIiZMfOOnOYUtg==}
    engines: {node: '>= 0.4'}
    dependencies:
      has-tostringtag: 1.0.0
    dev: true

  /is-symbol/1.0.4:
    resolution: {integrity: sha512-C/CPBqKWnvdcxqIARxyOh4v1UUEOCHpgDa0WYgpKDFMszcrPcffg5uhwSgPCLD2WWxmq6isisz87tzT01tuGhg==}
    engines: {node: '>= 0.4'}
    dependencies:
      has-symbols: 1.0.2
    dev: true

  /is-typed-array/1.1.8:
    resolution: {integrity: sha512-HqH41TNZq2fgtGT8WHVFVJhBVGuY3AnP3Q36K8JKXUxSxRgk/d+7NjmwG2vo2mYmXK8UYZKu0qH8bVP5gEisjA==}
    engines: {node: '>= 0.4'}
    dependencies:
      available-typed-arrays: 1.0.5
      call-bind: 1.0.2
      es-abstract: 1.19.1
      foreach: 2.0.5
      has-tostringtag: 1.0.0
    dev: true

  /is-weakmap/2.0.1:
    resolution: {integrity: sha512-NSBR4kH5oVj1Uwvv970ruUkCV7O1mzgVFO4/rev2cLRda9Tm9HrL70ZPut4rOHgY0FNrUu9BCbXA2sdQ+x0chA==}
    dev: true

  /is-weakref/1.0.1:
    resolution: {integrity: sha512-b2jKc2pQZjaeFYWEf7ScFj+Be1I+PXmlu572Q8coTXZ+LD/QQZ7ShPMst8h16riVgyXTQwUsFEl74mDvc/3MHQ==}
    dependencies:
      call-bind: 1.0.2
    dev: true

  /is-weakset/2.0.1:
    resolution: {integrity: sha512-pi4vhbhVHGLxohUw7PhGsueT4vRGFoXhP7+RGN0jKIv9+8PWYCQTqtADngrxOm2g46hoH0+g8uZZBzMrvVGDmw==}
    dev: true

  /isarray/2.0.5:
    resolution: {integrity: sha512-xHjhDr3cNBK0BzdUJSPXZntQUx/mwMS5Rw4A7lPJ90XGAO6ISP/ePDNuo0vhqOZU+UD5JoodwCAAoZQd3FeAKw==}
    dev: true

  /isexe/2.0.0:
    resolution: {integrity: sha1-6PvzdNxVb/iUehDcsFctYz8s+hA=}
    dev: true

  /jiti/1.12.6:
    resolution: {integrity: sha512-drQ/qnYriF9KiU47sRF0rTvfQmJo4JEmFMhCk2SJIsUj+hGnQaxkwaKfyvK9KenX20JNTQmVfJOz7VWe0cSntw==}
    hasBin: true
    dev: true

  /json5/2.2.0:
    resolution: {integrity: sha512-f+8cldu7X/y7RAJurMEJmdoKXGB/X550w2Nr3tTbezL6RwEE/iMcm+tZnXeoZtKuOq6ft8+CqzEkrIgx1fPoQA==}
    engines: {node: '>=6'}
    hasBin: true
    dependencies:
      minimist: 1.2.5
    dev: true

  /kolorist/1.5.0:
    resolution: {integrity: sha512-pPobydIHK884YBtkS/tWSZXpSAEpcMbilyun3KL37ot935qL2HNKm/tI45i/Rd+MxdIWEhm7/LmUQzWZYK+Qhg==}
    dev: true

  /local-pkg/0.1.0:
    resolution: {integrity: sha512-WsR2tHvRGIxcC2clC30ECb5fjywzsjQagaHIy1+ykZaHz0ByoB0OL2riHqIYA5YYnensRXLszwbzHkhKzehZDg==}
    dependencies:
      mlly: 0.2.5
    dev: true

  /local-pkg/0.3.0:
    resolution: {integrity: sha512-JapWObmC38atpkIh2Y8M3223TP+GsdtR4s28Kut7Q98PT6MX7VwvAwPs2/rxpwi+hbDiHM4+dIvRCU67k+qHag==}
    engines: {node: '>=14'}
    dependencies:
      mlly: 0.2.5
    dev: true

  /locate-path/6.0.0:
    resolution: {integrity: sha512-iPZK6eYjbxRu3uB4/WZ3EsEIMJFMqAoopl3R+zuq0UjcAm/MO6KCweDgPfP3elTztoKP3KtnVHxTn2NHBSDVUw==}
    engines: {node: '>=10'}
    dependencies:
      p-locate: 5.0.0
    dev: true

  /lru-cache/6.0.0:
    resolution: {integrity: sha512-Jo6dJ04CmSjuznwJSS3pUeWmd/H0ffTlkXXgwZi+eq1UCmqQwCh+eLsYOYCwY991i2Fah4h1BEMCx4qThGbsiA==}
    engines: {node: '>=10'}
    dependencies:
      yallist: 4.0.0
    dev: true

  /magic-string/0.25.7:
    resolution: {integrity: sha512-4CrMT5DOHTDk4HYDlzmwu4FVCcIYI8gauveasrdCu2IKIFOJ3f0v/8MDGJCDL9oD2ppz/Av1b0Nj345H9M+XIA==}
    dependencies:
      sourcemap-codec: 1.4.8

  /merge-stream/2.0.0:
    resolution: {integrity: sha512-abv/qOcuPfk3URPfDzmZU1LKmuw8kT+0nIHvKrKgFrwifol/doWcdA4ZqsWQ8ENrFKkd67Mfpo/LovbIUsbt3w==}
    dev: true

  /merge2/1.4.1:
    resolution: {integrity: sha512-8q7VEgMJW4J8tcfVPy8g09NcQwZdbwFEqhe/WZkoIzjn/3TGDwtOCYtXGxA3O8tPzpczCCDgv+P2P5y00ZJOOg==}
    engines: {node: '>= 8'}
    dev: true

  /micromatch/4.0.4:
    resolution: {integrity: sha512-pRmzw/XUcwXGpD9aI9q/0XOwLNygjETJ8y0ao0wdqprrzDa4YnxLcz7fQRZr8voh8V10kGhABbNcHVk5wHgWwg==}
    engines: {node: '>=8.6'}
    dependencies:
      braces: 3.0.2
      picomatch: 2.3.0
    dev: true

  /mimic-fn/2.1.0:
    resolution: {integrity: sha512-OqbOk5oEQeAZ8WXWydlu9HJjz9WVdEIvamMCcXmuqUYjTknH/sqsWvhQ3vgwKFRR1HpjvNBKQ37nbJgYzGqGcg==}
    engines: {node: '>=6'}
    dev: true

  /minimatch/3.0.4:
    resolution: {integrity: sha512-yJHVQEhyqPLUTgt9B83PXu6W3rx4MvvHvSUvToogpwoGDOUQ+yDrR0HRot+yOCdCO7u4hX3pWft6kWBBcqh0UA==}
    dependencies:
      brace-expansion: 1.1.11
    dev: true

  /minimist/1.2.5:
    resolution: {integrity: sha512-FM9nNUYrRBAELZQT3xeZQ7fmMOBg6nWNmJKTcgsJeaLstP/UODVpGsr5OhXhhXg6f+qtJ8uiZ+PUxkDWcgIXLw==}
    dev: true

  /mlly/0.2.5:
    resolution: {integrity: sha512-Zp2qMM0jt+ni5lRX8LiWFQWK3XORYqFCc+xeTS2Ae7lcur/roNMXqK9bcnMyAj81J1qxkaggYcyopt2X6ENl1Q==}
    dependencies:
      import-meta-resolve: 1.1.1
    dev: true

  /ms/2.1.2:
    resolution: {integrity: sha512-sGkPx+VjMtmA6MX27oA4FBFELFCZZ4S4XqeGOXCv68tT+jb3vk/RyaKWP0PTKyWtmLSM0b+adUTEvbs1PEaH2w==}
    dev: true

  /nanoid/3.1.29:
    resolution: {integrity: sha512-dW2pUSGZ8ZnCFIlBIA31SV8huOGCHb6OwzVCc7A69rb/a+SgPBwfmLvK5TKQ3INPbRkcI8a/Owo0XbiTNH19wg==}
    engines: {node: ^10 || ^12 || ^13.7 || ^14 || >=15.0.1}
    hasBin: true

  /normalize-path/3.0.0:
    resolution: {integrity: sha512-6eZs5Ls3WtCisHWp9S2GUy8dqkpGi4BVSz3GaqiE6ezub0512ESztXUwUB6C6IKbQkY2Pnb/mD4WYojCRwcwLA==}
    engines: {node: '>=0.10.0'}
    dev: true

  /npm-run-path/4.0.1:
    resolution: {integrity: sha512-S48WzZW777zhNIrn7gxOlISNAqi9ZC/uQFnRdbeIHhZhCA6UqpkOT8T1G7BvfdgP4Er8gF4sUbaS0i7QvIfCWw==}
    engines: {node: '>=8'}
    dependencies:
      path-key: 3.1.1
    dev: true

  /object-inspect/1.11.0:
    resolution: {integrity: sha512-jp7ikS6Sd3GxQfZJPyH3cjcbJF6GZPClgdV+EFygjFLQ5FmW/dRUnTd9PQ9k0JhoNDabWFbpF1yCdSWCC6gexg==}

  /object-is/1.1.5:
    resolution: {integrity: sha512-3cyDsyHgtmi7I7DfSSI2LDp6SK2lwvtbg0p0R1e0RvTqF5ceGx+K2dfSjm1bKDMVCFEDAQvy+o8c6a7VujOddw==}
    engines: {node: '>= 0.4'}
    dependencies:
      call-bind: 1.0.2
      define-properties: 1.1.3
    dev: true

  /object-keys/1.1.1:
    resolution: {integrity: sha512-NuAESUOUMrlIXOfHKzD6bpPu3tYt3xvjNdRIQ+FeT0lNb4K8WR70CaDxhuNguS2XG+GjkyMwOzsN5ZktImfhLA==}
    engines: {node: '>= 0.4'}
    dev: true

  /object.assign/4.1.2:
    resolution: {integrity: sha512-ixT2L5THXsApyiUPYKmW+2EHpXXe5Ii3M+f4e+aJFAHao5amFRW6J0OO6c/LU8Be47utCx2GL89hxGB6XSmKuQ==}
    engines: {node: '>= 0.4'}
    dependencies:
      call-bind: 1.0.2
      define-properties: 1.1.3
      has-symbols: 1.0.2
      object-keys: 1.1.1
    dev: true

  /onetime/5.1.2:
    resolution: {integrity: sha512-kbpaSSGJTWdAY5KPVeMOKXSrPtr8C8C7wodJbcsd51jRnmD+GZu8Y0VoU6Dm5Z4vWr0Ig/1NKuWRKf7j5aaYSg==}
    engines: {node: '>=6'}
    dependencies:
      mimic-fn: 2.1.0
    dev: true

  /p-limit/3.1.0:
    resolution: {integrity: sha512-TYOanM3wGwNGsZN2cVTYPArw454xnXj5qmWF1bEoAc4+cU/ol7GVh7odevjp1FNHduHc3KZMcFduxU5Xc6uJRQ==}
    engines: {node: '>=10'}
    dependencies:
      yocto-queue: 0.1.0
    dev: true

  /p-locate/5.0.0:
    resolution: {integrity: sha512-LaNjtRWUBY++zB5nE/NwcaoMylSPk+S+ZHNB1TzdbMJMny6dynpAGt7X/tl/QYq3TIeE6nxHppbo2LGymrG5Pw==}
    engines: {node: '>=10'}
    dependencies:
      p-limit: 3.1.0
    dev: true

  /path-exists/4.0.0:
    resolution: {integrity: sha512-ak9Qy5Q7jYb2Wwcey5Fpvg2KoAc/ZIhLSLOSBmRmygPsGwkVVt0fZa0qrtMz+m6tJTAHfZQ8FnmB4MG4LWy7/w==}
    engines: {node: '>=8'}
    dev: true

  /path-key/3.1.1:
    resolution: {integrity: sha512-ojmeN0qd+y0jszEtoY48r0Peq5dwMEkIlCOu6Q5f41lfkswXuKtYrhgoTpLnyIcHm24Uhqx+5Tqm2InSwLhE6Q==}
    engines: {node: '>=8'}
    dev: true

  /path-parse/1.0.7:
    resolution: {integrity: sha512-LDJzPVEEEPR+y48z93A0Ed0yXb8pAByGWo/k5YYdYgpY2/2EsOsksJrq7lOHxryrVOn1ejG6oAp8ahvOIQD8sw==}
    dev: true

  /picocolors/0.2.1:
    resolution: {integrity: sha512-cMlDqaLEqfSaW8Z7N5Jw+lyIW869EzT73/F5lhtY9cLGoVxSXznfgfXMO0Z5K0o0Q2TkTXq+0KFsdnSe3jDViA==}

  /picomatch/2.3.0:
    resolution: {integrity: sha512-lY1Q/PiJGC2zOv/z391WOTD+Z02bCgsFfvxoXXf6h7kv9o+WmsmzYqrAwY63sNgOxE4xEdq0WyUnXfKeBrSvYw==}
    engines: {node: '>=8.6'}
    dev: true

  /postcss/8.3.9:
    resolution: {integrity: sha512-f/ZFyAKh9Dnqytx5X62jgjhhzttjZS7hMsohcI7HEI5tjELX/HxCy3EFhsRxyzGvrzFF+82XPvCS8T9TFleVJw==}
    engines: {node: ^10 || ^12 || >=14}
    dependencies:
      nanoid: 3.1.29
      picocolors: 0.2.1
      source-map-js: 0.6.2

  /qs/6.10.1:
    resolution: {integrity: sha512-M528Hph6wsSVOBiYUnGf+K/7w0hNshs/duGsNXPUCLH5XAqjEtiPGwNONLV0tBH8NoGb0mvD5JubnUTrujKDTg==}
    engines: {node: '>=0.6'}
    dependencies:
      side-channel: 1.0.4
    dev: false

  /quasar/2.1.1:
    resolution: {integrity: sha512-x7J1uAEPwVpm5UiL/T74jZoqQYQ5y77t+ymIII+xCZotU2el4mX5QTA/ptduyhxNumlpIzdVBXyPPizqcT2UGQ==}
    engines: {node: '>= 10.18.1', npm: '>= 6.13.4', yarn: '>= 1.21.1'}
    dev: false

  /queue-microtask/1.2.3:
    resolution: {integrity: sha512-NuaNSa6flKT5JaSYQzJok04JzTL1CA6aGhv5rfLW3PgqA+M2ChpZQnAC8h8i4ZFkBS8X5RqkDBHA7r4hej3K9A==}
    dev: true

  /readdirp/3.6.0:
    resolution: {integrity: sha512-hOS089on8RduqdbhvQ5Z37A0ESjsqz6qnRcffsMU3495FuTdqSm+7bhJ29JvIOsBDEEnan5DPu9t3To9VRlMzA==}
    engines: {node: '>=8.10.0'}
    dependencies:
      picomatch: 2.3.0
    dev: true

  /regexp.prototype.flags/1.3.1:
    resolution: {integrity: sha512-JiBdRBq91WlY7uRJ0ds7R+dU02i6LKi8r3BuQhNXn+kmeLN+EfHhfjqMRis1zJxnlu88hq/4dx0P2OP3APRTOA==}
    engines: {node: '>= 0.4'}
    dependencies:
      call-bind: 1.0.2
      define-properties: 1.1.3
    dev: true

  /resolve/1.20.0:
    resolution: {integrity: sha512-wENBPt4ySzg4ybFQW2TT1zMQucPK95HSh/nq2CFTZVOGut2+pQvSsgtda4d26YrYcr067wjbmzOG8byDPBX63A==}
    dependencies:
      is-core-module: 2.7.0
      path-parse: 1.0.7
    dev: true

  /reusify/1.0.4:
    resolution: {integrity: sha512-U9nH88a3fc/ekCF1l0/UP1IosiuIjyTh7hBvXVMHYgVcfGvt897Xguj2UOLDeI5BG2m7/uwyaLVT6fbtCwTyzw==}
    engines: {iojs: '>=1.0.0', node: '>=0.10.0'}
    dev: true

  /rollup/2.58.0:
    resolution: {integrity: sha512-NOXpusKnaRpbS7ZVSzcEXqxcLDOagN6iFS8p45RkoiMqPHDLwJm758UF05KlMoCRbLBTZsPOIa887gZJ1AiXvw==}
    engines: {node: '>=10.0.0'}
    hasBin: true
    optionalDependencies:
      fsevents: 2.3.2
    dev: true

  /run-parallel/1.2.0:
    resolution: {integrity: sha512-5l4VyZR86LZ/lDxZTR6jqL8AFE2S0IFLMP26AbjsLVADxHdhB/c0GUsH+y39UfCi3dzz8OlQuPmnaJOMoDHQBA==}
    dependencies:
      queue-microtask: 1.2.3
    dev: true

  /sass/1.42.1:
    resolution: {integrity: sha512-/zvGoN8B7dspKc5mC6HlaygyCBRvnyzzgD5khiaCfglWztY99cYoiTUksVx11NlnemrcfH5CEaCpsUKoW0cQqg==}
    engines: {node: '>=8.9.0'}
    hasBin: true
    dependencies:
      chokidar: 3.5.2
    dev: true

  /semver/7.3.5:
    resolution: {integrity: sha512-PoeGJYh8HK4BTO/a9Tf6ZG3veo/A7ZVsYrSA6J8ny9nb3B1VrpkuN+z9OE5wfE5p6H4LchYZsegiQgbJD94ZFQ==}
    engines: {node: '>=10'}
    hasBin: true
    dependencies:
      lru-cache: 6.0.0
    dev: true

  /shebang-command/2.0.0:
    resolution: {integrity: sha512-kHxr2zZpYtdmrN1qDjrrX/Z1rR1kG8Dx+gkpK1G4eXmvXswmcE1hTWBWYUzlraYw1/yZp6YuDY77YtvbN0dmDA==}
    engines: {node: '>=8'}
    dependencies:
      shebang-regex: 3.0.0
    dev: true

  /shebang-regex/3.0.0:
    resolution: {integrity: sha512-7++dFhtcx3353uBaq8DDR4NuxBetBzC7ZQOhmTQInHEd6bSrXdiEyzCvG07Z44UYdLShWUyXt5M/yhz8ekcb1A==}
    engines: {node: '>=8'}
    dev: true

  /side-channel/1.0.4:
    resolution: {integrity: sha512-q5XPytqFEIKHkGdiMIrY10mvLRvnQh42/+GoBlFW3b2LXLE2xxJpZFdm94we0BaoV3RwJyGqg5wS7epxTv0Zvw==}
    dependencies:
      call-bind: 1.0.2
      get-intrinsic: 1.1.1
      object-inspect: 1.11.0

  /signal-exit/3.0.5:
    resolution: {integrity: sha512-KWcOiKeQj6ZyXx7zq4YxSMgHRlod4czeBQZrPb8OKcohcqAXShm7E20kEMle9WBt26hFcAf0qLOcp5zmY7kOqQ==}
    dev: true

  /source-map-js/0.6.2:
    resolution: {integrity: sha512-/3GptzWzu0+0MBQFrDKzw/DvvMTUORvgY6k6jd/VS6iCR4RDTKWH6v6WPwQoUO8667uQEf9Oe38DxAYWY5F/Ug==}
    engines: {node: '>=0.10.0'}

  /source-map/0.6.1:
    resolution: {integrity: sha512-UjgapumWlbMhkBgzT7Ykc5YXUT46F0iKu8SGXq0bcwP5dz/h0Plj6enJqjz1Zbq2l5WaqYnrVbwWOWMyF3F47g==}
    engines: {node: '>=0.10.0'}

  /sourcemap-codec/1.4.8:
    resolution: {integrity: sha512-9NykojV5Uih4lgo5So5dtw+f0JgJX30KCNI8gwhz2J9A15wD0Ml6tjHKwf6fTSa6fAdVBdZeNOs9eJ71qCk8vA==}

  /string.prototype.trimend/1.0.4:
    resolution: {integrity: sha512-y9xCjw1P23Awk8EvTpcyL2NIr1j7wJ39f+k6lvRnSMz+mz9CGz9NYPelDk42kOz6+ql8xjfK8oYzy3jAP5QU5A==}
    dependencies:
      call-bind: 1.0.2
      define-properties: 1.1.3
    dev: true

  /string.prototype.trimstart/1.0.4:
    resolution: {integrity: sha512-jh6e984OBfvxS50tdY2nRZnoC5/mLFKOREQfw8t5yytkoUsJRNxvI/E39qu1sD0OtWI3OC0XgKSmcWwziwYuZw==}
    dependencies:
      call-bind: 1.0.2
      define-properties: 1.1.3
    dev: true

  /strip-final-newline/2.0.0:
    resolution: {integrity: sha512-BrpvfNAE3dcvq7ll3xVumzjKjZQ5tI1sEUIKr3Uoks0XUl45St3FlatVqef9prk4jRDzhW6WZg+3bk93y6pLjA==}
    engines: {node: '>=6'}
    dev: true

  /supports-color/7.2.0:
    resolution: {integrity: sha512-qpCAvRl9stuOHveKsn7HncJRvv501qIacKzQlO/+Lwxc9+0q2wLyv4Dfvt80/DPn2pqOBsJdDiogXGR9+OvwRw==}
    engines: {node: '>=8'}
    dependencies:
      has-flag: 4.0.0
    dev: true

  /to-regex-range/5.0.1:
    resolution: {integrity: sha512-65P7iz6X5yEr1cwcgvQxbbIw7Uk3gOy5dIdtZ4rDveLqhrdJP+Li/Hx6tyK0NEb+2GCyneCMJiGqrADCSNk8sQ==}
    engines: {node: '>=8.0'}
    dependencies:
      is-number: 7.0.0
    dev: true

  /unbox-primitive/1.0.1:
    resolution: {integrity: sha512-tZU/3NqK3dA5gpE1KtyiJUrEB0lxnGkMFHptJ7q6ewdZ8s12QrODwNbhIJStmJkd1QDXa1NRA8aF2A1zk/Ypyw==}
    dependencies:
      function-bind: 1.1.1
      has-bigints: 1.0.1
      has-symbols: 1.0.2
      which-boxed-primitive: 1.0.2
    dev: true

  /unplugin-auto-import/0.4.12_vite@2.6.5:
    resolution: {integrity: sha512-H8iA+u21oyQkkXR0m1IJp20mM76uv0enQwrYMeDISq9Ixm8c+jeDleh5ld7vo8GUc+Pg3hlgixP+td6XjX5rJw==}
    engines: {node: '>=14'}
    peerDependencies:
      '@vueuse/core': ^6.0.0
    peerDependenciesMeta:
      '@vueuse/core':
        optional: true
    dependencies:
      '@antfu/utils': 0.3.0
      '@rollup/pluginutils': 4.1.1
      local-pkg: 0.1.0
      magic-string: 0.25.7
      resolve: 1.20.0
      unplugin: 0.2.16_vite@2.6.5
    transitivePeerDependencies:
      - rollup
      - vite
      - webpack
    dev: true

  /unplugin-icons/0.12.13_7eb66f080fbe23aeb40a75477d83445d:
    resolution: {integrity: sha512-5wAnY1qwa1ENeBdnNxKBd8VVbfz5KkjFa6X33Ynoz381J03ZUHwumvcbSQVgmQDwY1eOmM51lFmdwqQA/8pkRw==}
    peerDependencies:
      '@svgr/core': ^5.5.0
      '@vue/compiler-sfc': ^3.0.2
      vue-template-compiler: ^2.6.12
      vue-template-es2015-compiler: ^1.9.0
    peerDependenciesMeta:
      '@svgr/core':
        optional: true
      '@vue/compiler-sfc':
        optional: true
      vue-template-compiler:
        optional: true
      vue-template-es2015-compiler:
        optional: true
    dependencies:
      '@antfu/install-pkg': 0.1.0
      '@antfu/utils': 0.3.0
      '@iconify/json-tools': 1.0.10
      '@iconify/utils': 1.0.14
      '@vue/compiler-sfc': 3.2.20
      debug: 4.3.2
      kolorist: 1.5.0
      local-pkg: 0.3.0
      unplugin: 0.2.16_vite@2.6.5
    transitivePeerDependencies:
      - rollup
      - supports-color
      - vite
      - webpack
    dev: true

  /unplugin-vue-components/0.15.6_vite@2.6.5+vue@3.2.20:
    resolution: {integrity: sha512-Prl+qtWtDwnxSYJckGn+WvrXElhEnjN9bJyi9D7d0mJcsspuFBlxRQEzAUnDvlr0CvuIkBZBVdXLu1oDTESjhg==}
    engines: {node: '>=14'}
    peerDependencies:
      vue: 2 || 3
    dependencies:
      '@antfu/utils': 0.3.0
      '@rollup/pluginutils': 4.1.1
      chokidar: 3.5.2
      debug: 4.3.2
      fast-glob: 3.2.7
      local-pkg: 0.1.0
      magic-string: 0.25.7
      minimatch: 3.0.4
      resolve: 1.20.0
      unplugin: 0.2.16_vite@2.6.5
      vue: 3.2.20
    transitivePeerDependencies:
      - rollup
      - supports-color
      - vite
      - webpack
    dev: true

  /unplugin/0.2.16_vite@2.6.5:
    resolution: {integrity: sha512-KkXatHba0baJszSHW+2e8EQU/5Bz7rYwzYXu8wUeq97tE6K3wvub+7OWSuRv04LttvzNLsJ2jXEyR35gofv74Q==}
    peerDependencies:
      rollup: ^2.50.0
      vite: ^2.3.0
      webpack: 4 || 5
    peerDependenciesMeta:
      rollup:
        optional: true
      vite:
        optional: true
      webpack:
        optional: true
    dependencies:
      vite: 2.6.5_sass@1.42.1
      webpack-virtual-modules: 0.4.3
    dev: true

  /vite-plugin-pages/0.18.1_7eb66f080fbe23aeb40a75477d83445d:
    resolution: {integrity: sha512-+hNe98nkKoN/jK5dEdsTWRpTEpF++5A523cdNXE329eLedp9nql1EmWAuR5UqvP8aU+LCtWJN6Nnw3NWGWB9gQ==}
    peerDependencies:
      '@vue/compiler-sfc': '>=3'
      vite: '>=2'
    peerDependenciesMeta:
      '@vue/compiler-sfc':
        optional: true
    dependencies:
      '@antfu/utils': 0.3.0
      '@vue/compiler-sfc': 3.2.20
      debug: 4.3.2
      deep-equal: 2.0.5
      fast-glob: 3.2.7
      json5: 2.2.0
      vite: 2.6.5_sass@1.42.1
      yaml: 2.0.0-8
    transitivePeerDependencies:
      - supports-color
    dev: true

  /vite-plugin-windicss/1.4.10_vite@2.6.5:
    resolution: {integrity: sha512-/ewtLXMP9sWok2lmb6QHJOtG7FeCmAdqtkucuXPj+nZ5pD2kpHxXfR4s7NYXGdzG/+3YKgCv3LeOEHgI/vNMFQ==}
    peerDependencies:
      vite: ^2.0.1
    dependencies:
      '@windicss/plugin-utils': 1.4.10
      chalk: 4.1.2
      debug: 4.3.2
      vite: 2.6.5_sass@1.42.1
      windicss: 3.1.9
    transitivePeerDependencies:
      - supports-color
    dev: true

  /vite/2.6.5_sass@1.42.1:
    resolution: {integrity: sha512-vavXMChDUb4Oh4YunrK9BrH5Ox74cu0eOp0VuyI/iqFz1FqbWD72So2c9I87lLL2n0+6tFPV5ijow60KrtxuZg==}
    engines: {node: '>=12.2.0'}
    hasBin: true
    peerDependencies:
      less: '*'
      sass: '*'
      stylus: '*'
    peerDependenciesMeta:
      less:
        optional: true
      sass:
        optional: true
      stylus:
        optional: true
    dependencies:
      esbuild: 0.13.4
      postcss: 8.3.9
      resolve: 1.20.0
      rollup: 2.58.0
      sass: 1.42.1
    optionalDependencies:
      fsevents: 2.3.2
    dev: true

  /vue-router/4.0.11_vue@3.2.20:
    resolution: {integrity: sha512-sha6I8fx9HWtvTrFZfxZkiQQBpqSeT+UCwauYjkdOQYRvwsGwimlQQE2ayqUwuuXGzquFpCPoXzYKWlzL4OuXg==}
    peerDependencies:
      vue: ^3.0.0
    dependencies:
      '@vue/devtools-api': 6.0.0-beta.19
      vue: 3.2.20
    dev: false

  /vue/3.2.20:
    resolution: {integrity: sha512-81JjEP4OGk9oO8+CU0h2nFPGgJBm9mNa3kdCX2k6FuRdrWrC+CNe+tOnuIeTg8EWwQuI+wwdra5Q7vSzp7p4Iw==}
    dependencies:
      '@vue/compiler-dom': 3.2.20
      '@vue/compiler-sfc': 3.2.20
      '@vue/runtime-dom': 3.2.20
      '@vue/server-renderer': 3.2.20_vue@3.2.20
      '@vue/shared': 3.2.20
    dev: false

  /vuex/4.0.2_vue@3.2.20:
    resolution: {integrity: sha512-M6r8uxELjZIK8kTKDGgZTYX/ahzblnzC4isU1tpmEuOIIKmV+TRdc+H4s8ds2NuZ7wpUTdGRzJRtoj+lI+pc0Q==}
    peerDependencies:
      vue: ^3.0.2
    dependencies:
      '@vue/devtools-api': 6.0.0-beta.19
      vue: 3.2.20
    dev: false

  /webpack-virtual-modules/0.4.3:
    resolution: {integrity: sha512-5NUqC2JquIL2pBAAo/VfBP6KuGkHIZQXW/lNKupLPfhViwh8wNsu0BObtl09yuKZszeEUfbXz8xhrHvSG16Nqw==}
    dev: true

  /which-boxed-primitive/1.0.2:
    resolution: {integrity: sha512-bwZdv0AKLpplFY2KZRX6TvyuN7ojjr7lwkg6ml0roIy9YeuSr7JS372qlNW18UQYzgYK9ziGcerWqZOmEn9VNg==}
    dependencies:
      is-bigint: 1.0.4
      is-boolean-object: 1.1.2
      is-number-object: 1.0.6
      is-string: 1.0.7
      is-symbol: 1.0.4
    dev: true

  /which-collection/1.0.1:
    resolution: {integrity: sha512-W8xeTUwaln8i3K/cY1nGXzdnVZlidBcagyNFtBdD5kxnb4TvGKR7FfSIS3mYpwWS1QUCutfKz8IY8RjftB0+1A==}
    dependencies:
      is-map: 2.0.2
      is-set: 2.0.2
      is-weakmap: 2.0.1
      is-weakset: 2.0.1
    dev: true

  /which-typed-array/1.1.7:
    resolution: {integrity: sha512-vjxaB4nfDqwKI0ws7wZpxIlde1XrLX5uB0ZjpfshgmapJMD7jJWhZI+yToJTqaFByF0eNBcYxbjmCzoRP7CfEw==}
    engines: {node: '>= 0.4'}
    dependencies:
      available-typed-arrays: 1.0.5
      call-bind: 1.0.2
      es-abstract: 1.19.1
      foreach: 2.0.5
      has-tostringtag: 1.0.0
      is-typed-array: 1.1.8
    dev: true

  /which/2.0.2:
    resolution: {integrity: sha512-BLI3Tl1TW3Pvl70l3yq3Y64i+awpwXqsGBYWkkqMtnbXgrMD+yj7rhW0kuEDxzJaYXGjEW5ogapKNMEKNMjibA==}
    engines: {node: '>= 8'}
    hasBin: true
    dependencies:
      isexe: 2.0.0
    dev: true

  /windicss/3.1.9:
    resolution: {integrity: sha512-5YoKvXeCQXIdwc91BoOgpKbIImr2JS8I14rPMa/5dKDDPA4ot3NgICWKELkml39R/8rn4Q0BVUUTqN+w+hjDSA==}
    engines: {node: '>= 12'}
    hasBin: true
    dev: true

  /yallist/4.0.0:
    resolution: {integrity: sha512-3wdGidZyq5PB084XLES5TpOSRA3wjXAlIWMhum2kRcv/41Sn2emQ0dycQW4uZXLejwKvg6EsvbdlVL+FYEct7A==}
    dev: true

  /yaml/2.0.0-8:
    resolution: {integrity: sha512-QaYgJZMfWD6fKN/EYMk6w1oLWPCr1xj9QaPSZW5qkDb3y8nGCXhy2Ono+AF4F+CSL/vGcqswcAT0BaS//pgD2A==}
    engines: {node: '>= 12'}
    dev: true

  /yocto-queue/0.1.0:
    resolution: {integrity: sha512-rVksvsnNCdJ/ohGc6xgPwyN8eheCxsiLM8mxuE/t/mOVqJewPuO1miLpTHQiRgTKCLexL4MeAFVagts7HmNZ2Q==}
    engines: {node: '>=10'}
    dev: true
